// !$*UTF8*$!
{
	archiveVersion = 1;
	classes = {
	};
	objectVersion = 56;
	objects = {

/* Begin PBXBuildFile section */
		B409925E2AB641700015E8B6 /* DogDetailFeatureTests.swift in Sources */ = {isa = PBXBuildFile; fileRef = B409925D2AB641700015E8B6 /* DogDetailFeatureTests.swift */; };
		B459B2612AAD57C40086D0EA /* DogDetailScreen.swift in Sources */ = {isa = PBXBuildFile; fileRef = B459B2602AAD57C40086D0EA /* DogDetailScreen.swift */; };
		B459B2642AAE12120086D0EA /* ComposableArchitecture in Frameworks */ = {isa = PBXBuildFile; productRef = B459B2632AAE12120086D0EA /* ComposableArchitecture */; };
		B459B2672AAE167F0086D0EA /* AllDogsFeature.swift in Sources */ = {isa = PBXBuildFile; fileRef = B459B2662AAE167F0086D0EA /* AllDogsFeature.swift */; };
		B460713A2AB4BC1F007C459E /* DogDetailFeature.swift in Sources */ = {isa = PBXBuildFile; fileRef = B46071392AB4BC1F007C459E /* DogDetailFeature.swift */; };
		B4B2C7832AAD3133006A42AA /* TCA_PoCAppApp.swift in Sources */ = {isa = PBXBuildFile; fileRef = B4B2C7822AAD3133006A42AA /* TCA_PoCAppApp.swift */; };
		B4B2C7852AAD3133006A42AA /* AllDogsScreen.swift in Sources */ = {isa = PBXBuildFile; fileRef = B4B2C7842AAD3133006A42AA /* AllDogsScreen.swift */; };
		B4B2C7872AAD3135006A42AA /* Assets.xcassets in Resources */ = {isa = PBXBuildFile; fileRef = B4B2C7862AAD3135006A42AA /* Assets.xcassets */; };
		B4B2C78A2AAD3135006A42AA /* Preview Assets.xcassets in Resources */ = {isa = PBXBuildFile; fileRef = B4B2C7892AAD3135006A42AA /* Preview Assets.xcassets */; };
		B4E0FFAE2AB29C74000010EF /* AllDogsFeatureTests.swift in Sources */ = {isa = PBXBuildFile; fileRef = B4E0FFAD2AB29C74000010EF /* AllDogsFeatureTests.swift */; };
		B4E0FFB72AB2A02E000010EF /* DogAPIClient.swift in Sources */ = {isa = PBXBuildFile; fileRef = B4E0FFB62AB2A02E000010EF /* DogAPIClient.swift */; };
/* End PBXBuildFile section */

/* Begin PBXContainerItemProxy section */
		B4E0FFAF2AB29C74000010EF /* PBXContainerItemProxy */ = {
			isa = PBXContainerItemProxy;
			containerPortal = B4B2C7772AAD3133006A42AA /* Project object */;
			proxyType = 1;
			remoteGlobalIDString = B4B2C77E2AAD3133006A42AA;
			remoteInfo = TCA_PoCApp;
		};
/* End PBXContainerItemProxy section */

/* Begin PBXFileReference section */
		B409925D2AB641700015E8B6 /* DogDetailFeatureTests.swift */ = {isa = PBXFileReference; lastKnownFileType = sourcecode.swift; path = DogDetailFeatureTests.swift; sourceTree = "<group>"; };
		B459B2602AAD57C40086D0EA /* DogDetailScreen.swift */ = {isa = PBXFileReference; lastKnownFileType = sourcecode.swift; path = DogDetailScreen.swift; sourceTree = "<group>"; };
		B459B2662AAE167F0086D0EA /* AllDogsFeature.swift */ = {isa = PBXFileReference; lastKnownFileType = sourcecode.swift; path = AllDogsFeature.swift; sourceTree = "<group>"; };
		B46071392AB4BC1F007C459E /* DogDetailFeature.swift */ = {isa = PBXFileReference; lastKnownFileType = sourcecode.swift; path = DogDetailFeature.swift; sourceTree = "<group>"; };
		B4B2C77F2AAD3133006A42AA /* TCA_PoCApp.app */ = {isa = PBXFileReference; explicitFileType = wrapper.application; includeInIndex = 0; path = TCA_PoCApp.app; sourceTree = BUILT_PRODUCTS_DIR; };
		B4B2C7822AAD3133006A42AA /* TCA_PoCAppApp.swift */ = {isa = PBXFileReference; lastKnownFileType = sourcecode.swift; path = TCA_PoCAppApp.swift; sourceTree = "<group>"; };
		B4B2C7842AAD3133006A42AA /* AllDogsScreen.swift */ = {isa = PBXFileReference; lastKnownFileType = sourcecode.swift; path = AllDogsScreen.swift; sourceTree = "<group>"; };
		B4B2C7862AAD3135006A42AA /* Assets.xcassets */ = {isa = PBXFileReference; lastKnownFileType = folder.assetcatalog; path = Assets.xcassets; sourceTree = "<group>"; };
		B4B2C7892AAD3135006A42AA /* Preview Assets.xcassets */ = {isa = PBXFileReference; lastKnownFileType = folder.assetcatalog; path = "Preview Assets.xcassets"; sourceTree = "<group>"; };
		B4E0FFAB2AB29C74000010EF /* TCA_PoCAppTests.xctest */ = {isa = PBXFileReference; explicitFileType = wrapper.cfbundle; includeInIndex = 0; path = TCA_PoCAppTests.xctest; sourceTree = BUILT_PRODUCTS_DIR; };
		B4E0FFAD2AB29C74000010EF /* AllDogsFeatureTests.swift */ = {isa = PBXFileReference; lastKnownFileType = sourcecode.swift; path = AllDogsFeatureTests.swift; sourceTree = "<group>"; };
		B4E0FFB62AB2A02E000010EF /* DogAPIClient.swift */ = {isa = PBXFileReference; lastKnownFileType = sourcecode.swift; path = DogAPIClient.swift; sourceTree = "<group>"; };
/* End PBXFileReference section */

/* Begin PBXFrameworksBuildPhase section */
		B4B2C77C2AAD3133006A42AA /* Frameworks */ = {
			isa = PBXFrameworksBuildPhase;
			buildActionMask = 2147483647;
			files = (
				B459B2642AAE12120086D0EA /* ComposableArchitecture in Frameworks */,
			);
			runOnlyForDeploymentPostprocessing = 0;
		};
		B4E0FFA82AB29C73000010EF /* Frameworks */ = {
			isa = PBXFrameworksBuildPhase;
			buildActionMask = 2147483647;
			files = (
			);
			runOnlyForDeploymentPostprocessing = 0;
		};
/* End PBXFrameworksBuildPhase section */

/* Begin PBXGroup section */
		B459B2652AAE16630086D0EA /* AllDogs */ = {
			isa = PBXGroup;
			children = (
				B4B2C7842AAD3133006A42AA /* AllDogsScreen.swift */,
				B459B2662AAE167F0086D0EA /* AllDogsFeature.swift */,
			);
			path = AllDogs;
			sourceTree = "<group>";
		};
		B46071382AB4BC05007C459E /* DogDetail */ = {
			isa = PBXGroup;
			children = (
				B459B2602AAD57C40086D0EA /* DogDetailScreen.swift */,
				B46071392AB4BC1F007C459E /* DogDetailFeature.swift */,
			);
			path = DogDetail;
			sourceTree = "<group>";
		};
		B4B2C7762AAD3133006A42AA = {
			isa = PBXGroup;
			children = (
				B4B2C7812AAD3133006A42AA /* TCA_PoCApp */,
				B4E0FFAC2AB29C74000010EF /* TCA_PoCAppTests */,
				B4B2C7802AAD3133006A42AA /* Products */,
			);
			sourceTree = "<group>";
		};
		B4B2C7802AAD3133006A42AA /* Products */ = {
			isa = PBXGroup;
			children = (
				B4B2C77F2AAD3133006A42AA /* TCA_PoCApp.app */,
				B4E0FFAB2AB29C74000010EF /* TCA_PoCAppTests.xctest */,
			);
			name = Products;
			sourceTree = "<group>";
		};
		B4B2C7812AAD3133006A42AA /* TCA_PoCApp */ = {
			isa = PBXGroup;
			children = (
				B4B2C7822AAD3133006A42AA /* TCA_PoCAppApp.swift */,
				B459B2652AAE16630086D0EA /* AllDogs */,
				B46071382AB4BC05007C459E /* DogDetail */,
				B4E0FFB62AB2A02E000010EF /* DogAPIClient.swift */,
				B4B2C7862AAD3135006A42AA /* Assets.xcassets */,
				B4B2C7882AAD3135006A42AA /* Preview Content */,
			);
			path = TCA_PoCApp;
			sourceTree = "<group>";
		};
		B4B2C7882AAD3135006A42AA /* Preview Content */ = {
			isa = PBXGroup;
			children = (
				B4B2C7892AAD3135006A42AA /* Preview Assets.xcassets */,
			);
			path = "Preview Content";
			sourceTree = "<group>";
		};
		B4E0FFAC2AB29C74000010EF /* TCA_PoCAppTests */ = {
			isa = PBXGroup;
			children = (
				B4E0FFAD2AB29C74000010EF /* AllDogsFeatureTests.swift */,
				B409925D2AB641700015E8B6 /* DogDetailFeatureTests.swift */,
			);
			path = TCA_PoCAppTests;
			sourceTree = "<group>";
		};
/* End PBXGroup section */

/* Begin PBXNativeTarget section */
		B4B2C77E2AAD3133006A42AA /* TCA_PoCApp */ = {
			isa = PBXNativeTarget;
			buildConfigurationList = B4B2C78D2AAD3135006A42AA /* Build configuration list for PBXNativeTarget "TCA_PoCApp" */;
			buildPhases = (
				B4B2C77B2AAD3133006A42AA /* Sources */,
				B4B2C77C2AAD3133006A42AA /* Frameworks */,
				B4B2C77D2AAD3133006A42AA /* Resources */,
			);
			buildRules = (
			);
			dependencies = (
			);
			name = TCA_PoCApp;
			packageProductDependencies = (
				B459B2632AAE12120086D0EA /* ComposableArchitecture */,
			);
			productName = TCA_PoCApp;
			productReference = B4B2C77F2AAD3133006A42AA /* TCA_PoCApp.app */;
			productType = "com.apple.product-type.application";
		};
		B4E0FFAA2AB29C73000010EF /* TCA_PoCAppTests */ = {
			isa = PBXNativeTarget;
			buildConfigurationList = B4E0FFB32AB29C74000010EF /* Build configuration list for PBXNativeTarget "TCA_PoCAppTests" */;
			buildPhases = (
				B4E0FFA72AB29C73000010EF /* Sources */,
				B4E0FFA82AB29C73000010EF /* Frameworks */,
				B4E0FFA92AB29C73000010EF /* Resources */,
			);
			buildRules = (
			);
			dependencies = (
				B4E0FFB02AB29C74000010EF /* PBXTargetDependency */,
			);
			name = TCA_PoCAppTests;
			productName = TCA_PoCAppTests;
			productReference = B4E0FFAB2AB29C74000010EF /* TCA_PoCAppTests.xctest */;
			productType = "com.apple.product-type.bundle.unit-test";
		};
/* End PBXNativeTarget section */

/* Begin PBXProject section */
		B4B2C7772AAD3133006A42AA /* Project object */ = {
			isa = PBXProject;
			attributes = {
				BuildIndependentTargetsInParallel = 1;
				LastSwiftUpdateCheck = 1500;
				LastUpgradeCheck = 1400;
				TargetAttributes = {
					B4B2C77E2AAD3133006A42AA = {
						CreatedOnToolsVersion = 14.0;
					};
					B4E0FFAA2AB29C73000010EF = {
						CreatedOnToolsVersion = 15.0;
						TestTargetID = B4B2C77E2AAD3133006A42AA;
					};
				};
			};
			buildConfigurationList = B4B2C77A2AAD3133006A42AA /* Build configuration list for PBXProject "TCA_PoCApp" */;
			compatibilityVersion = "Xcode 14.0";
			developmentRegion = en;
			hasScannedForEncodings = 0;
			knownRegions = (
				en,
				Base,
			);
			mainGroup = B4B2C7762AAD3133006A42AA;
			packageReferences = (
				B459B2622AAE12120086D0EA /* XCRemoteSwiftPackageReference "swift-composable-architecture" */,
			);
			productRefGroup = B4B2C7802AAD3133006A42AA /* Products */;
			projectDirPath = "";
			projectRoot = "";
			targets = (
				B4B2C77E2AAD3133006A42AA /* TCA_PoCApp */,
				B4E0FFAA2AB29C73000010EF /* TCA_PoCAppTests */,
			);
		};
/* End PBXProject section */

/* Begin PBXResourcesBuildPhase section */
		B4B2C77D2AAD3133006A42AA /* Resources */ = {
			isa = PBXResourcesBuildPhase;
			buildActionMask = 2147483647;
			files = (
				B4B2C78A2AAD3135006A42AA /* Preview Assets.xcassets in Resources */,
				B4B2C7872AAD3135006A42AA /* Assets.xcassets in Resources */,
			);
			runOnlyForDeploymentPostprocessing = 0;
		};
		B4E0FFA92AB29C73000010EF /* Resources */ = {
			isa = PBXResourcesBuildPhase;
			buildActionMask = 2147483647;
			files = (
			);
			runOnlyForDeploymentPostprocessing = 0;
		};
/* End PBXResourcesBuildPhase section */

/* Begin PBXSourcesBuildPhase section */
		B4B2C77B2AAD3133006A42AA /* Sources */ = {
			isa = PBXSourcesBuildPhase;
			buildActionMask = 2147483647;
			files = (
				B460713A2AB4BC1F007C459E /* DogDetailFeature.swift in Sources */,
				B4E0FFB72AB2A02E000010EF /* DogAPIClient.swift in Sources */,
				B459B2612AAD57C40086D0EA /* DogDetailScreen.swift in Sources */,
				B4B2C7852AAD3133006A42AA /* AllDogsScreen.swift in Sources */,
				B459B2672AAE167F0086D0EA /* AllDogsFeature.swift in Sources */,
				B4B2C7832AAD3133006A42AA /* TCA_PoCAppApp.swift in Sources */,
			);
			runOnlyForDeploymentPostprocessing = 0;
		};
		B4E0FFA72AB29C73000010EF /* Sources */ = {
			isa = PBXSourcesBuildPhase;
			buildActionMask = 2147483647;
			files = (
				B409925E2AB641700015E8B6 /* DogDetailFeatureTests.swift in Sources */,
				B4E0FFAE2AB29C74000010EF /* AllDogsFeatureTests.swift in Sources */,
			);
			runOnlyForDeploymentPostprocessing = 0;
		};
/* End PBXSourcesBuildPhase section */

/* Begin PBXTargetDependency section */
		B4E0FFB02AB29C74000010EF /* PBXTargetDependency */ = {
			isa = PBXTargetDependency;
			target = B4B2C77E2AAD3133006A42AA /* TCA_PoCApp */;
			targetProxy = B4E0FFAF2AB29C74000010EF /* PBXContainerItemProxy */;
		};
/* End PBXTargetDependency section */

/* Begin XCBuildConfiguration section */
		B4B2C78B2AAD3135006A42AA /* Debug */ = {
			isa = XCBuildConfiguration;
			buildSettings = {
				ALWAYS_SEARCH_USER_PATHS = NO;
				CLANG_ANALYZER_NONNULL = YES;
				CLANG_ANALYZER_NUMBER_OBJECT_CONVERSION = YES_AGGRESSIVE;
				CLANG_CXX_LANGUAGE_STANDARD = "gnu++20";
				CLANG_ENABLE_MODULES = YES;
				CLANG_ENABLE_OBJC_ARC = YES;
				CLANG_ENABLE_OBJC_WEAK = YES;
				CLANG_WARN_BLOCK_CAPTURE_AUTORELEASING = YES;
				CLANG_WARN_BOOL_CONVERSION = YES;
				CLANG_WARN_COMMA = YES;
				CLANG_WARN_CONSTANT_CONVERSION = YES;
				CLANG_WARN_DEPRECATED_OBJC_IMPLEMENTATIONS = YES;
				CLANG_WARN_DIRECT_OBJC_ISA_USAGE = YES_ERROR;
				CLANG_WARN_DOCUMENTATION_COMMENTS = YES;
				CLANG_WARN_EMPTY_BODY = YES;
				CLANG_WARN_ENUM_CONVERSION = YES;
				CLANG_WARN_INFINITE_RECURSION = YES;
				CLANG_WARN_INT_CONVERSION = YES;
				CLANG_WARN_NON_LITERAL_NULL_CONVERSION = YES;
				CLANG_WARN_OBJC_IMPLICIT_RETAIN_SELF = YES;
				CLANG_WARN_OBJC_LITERAL_CONVERSION = YES;
				CLANG_WARN_OBJC_ROOT_CLASS = YES_ERROR;
				CLANG_WARN_QUOTED_INCLUDE_IN_FRAMEWORK_HEADER = YES;
				CLANG_WARN_RANGE_LOOP_ANALYSIS = YES;
				CLANG_WARN_STRICT_PROTOTYPES = YES;
				CLANG_WARN_SUSPICIOUS_MOVE = YES;
				CLANG_WARN_UNGUARDED_AVAILABILITY = YES_AGGRESSIVE;
				CLANG_WARN_UNREACHABLE_CODE = YES;
				CLANG_WARN__DUPLICATE_METHOD_MATCH = YES;
				COPY_PHASE_STRIP = NO;
				DEBUG_INFORMATION_FORMAT = dwarf;
				ENABLE_STRICT_OBJC_MSGSEND = YES;
				ENABLE_TESTABILITY = YES;
				GCC_C_LANGUAGE_STANDARD = gnu11;
				GCC_DYNAMIC_NO_PIC = NO;
				GCC_NO_COMMON_BLOCKS = YES;
				GCC_OPTIMIZATION_LEVEL = 0;
				GCC_PREPROCESSOR_DEFINITIONS = (
					"DEBUG=1",
					"$(inherited)",
				);
				GCC_WARN_64_TO_32_BIT_CONVERSION = YES;
				GCC_WARN_ABOUT_RETURN_TYPE = YES_ERROR;
				GCC_WARN_UNDECLARED_SELECTOR = YES;
				GCC_WARN_UNINITIALIZED_AUTOS = YES_AGGRESSIVE;
				GCC_WARN_UNUSED_FUNCTION = YES;
				GCC_WARN_UNUSED_VARIABLE = YES;
				IPHONEOS_DEPLOYMENT_TARGET = 16.0;
				MTL_ENABLE_DEBUG_INFO = INCLUDE_SOURCE;
				MTL_FAST_MATH = YES;
				ONLY_ACTIVE_ARCH = YES;
				SDKROOT = iphoneos;
				SWIFT_ACTIVE_COMPILATION_CONDITIONS = DEBUG;
				SWIFT_OPTIMIZATION_LEVEL = "-Onone";
			};
			name = Debug;
		};
		B4B2C78C2AAD3135006A42AA /* Release */ = {
			isa = XCBuildConfiguration;
			buildSettings = {
				ALWAYS_SEARCH_USER_PATHS = NO;
				CLANG_ANALYZER_NONNULL = YES;
				CLANG_ANALYZER_NUMBER_OBJECT_CONVERSION = YES_AGGRESSIVE;
				CLANG_CXX_LANGUAGE_STANDARD = "gnu++20";
				CLANG_ENABLE_MODULES = YES;
				CLANG_ENABLE_OBJC_ARC = YES;
				CLANG_ENABLE_OBJC_WEAK = YES;
				CLANG_WARN_BLOCK_CAPTURE_AUTORELEASING = YES;
				CLANG_WARN_BOOL_CONVERSION = YES;
				CLANG_WARN_COMMA = YES;
				CLANG_WARN_CONSTANT_CONVERSION = YES;
				CLANG_WARN_DEPRECATED_OBJC_IMPLEMENTATIONS = YES;
				CLANG_WARN_DIRECT_OBJC_ISA_USAGE = YES_ERROR;
				CLANG_WARN_DOCUMENTATION_COMMENTS = YES;
				CLANG_WARN_EMPTY_BODY = YES;
				CLANG_WARN_ENUM_CONVERSION = YES;
				CLANG_WARN_INFINITE_RECURSION = YES;
				CLANG_WARN_INT_CONVERSION = YES;
				CLANG_WARN_NON_LITERAL_NULL_CONVERSION = YES;
				CLANG_WARN_OBJC_IMPLICIT_RETAIN_SELF = YES;
				CLANG_WARN_OBJC_LITERAL_CONVERSION = YES;
				CLANG_WARN_OBJC_ROOT_CLASS = YES_ERROR;
				CLANG_WARN_QUOTED_INCLUDE_IN_FRAMEWORK_HEADER = YES;
				CLANG_WARN_RANGE_LOOP_ANALYSIS = YES;
				CLANG_WARN_STRICT_PROTOTYPES = YES;
				CLANG_WARN_SUSPICIOUS_MOVE = YES;
				CLANG_WARN_UNGUARDED_AVAILABILITY = YES_AGGRESSIVE;
				CLANG_WARN_UNREACHABLE_CODE = YES;
				CLANG_WARN__DUPLICATE_METHOD_MATCH = YES;
				COPY_PHASE_STRIP = NO;
				DEBUG_INFORMATION_FORMAT = "dwarf-with-dsym";
				ENABLE_NS_ASSERTIONS = NO;
				ENABLE_STRICT_OBJC_MSGSEND = YES;
				GCC_C_LANGUAGE_STANDARD = gnu11;
				GCC_NO_COMMON_BLOCKS = YES;
				GCC_WARN_64_TO_32_BIT_CONVERSION = YES;
				GCC_WARN_ABOUT_RETURN_TYPE = YES_ERROR;
				GCC_WARN_UNDECLARED_SELECTOR = YES;
				GCC_WARN_UNINITIALIZED_AUTOS = YES_AGGRESSIVE;
				GCC_WARN_UNUSED_FUNCTION = YES;
				GCC_WARN_UNUSED_VARIABLE = YES;
				IPHONEOS_DEPLOYMENT_TARGET = 16.0;
				MTL_ENABLE_DEBUG_INFO = NO;
				MTL_FAST_MATH = YES;
				SDKROOT = iphoneos;
				SWIFT_COMPILATION_MODE = wholemodule;
				SWIFT_OPTIMIZATION_LEVEL = "-O";
				VALIDATE_PRODUCT = YES;
			};
			name = Release;
		};
		B4B2C78E2AAD3135006A42AA /* Debug */ = {
			isa = XCBuildConfiguration;
			buildSettings = {
				ASSETCATALOG_COMPILER_APPICON_NAME = AppIcon;
				ASSETCATALOG_COMPILER_GLOBAL_ACCENT_COLOR_NAME = AccentColor;
				CODE_SIGN_STYLE = Automatic;
				CURRENT_PROJECT_VERSION = 1;
				DEVELOPMENT_ASSET_PATHS = "\"TCA_PoCApp/Preview Content\"";
				DEVELOPMENT_TEAM = U9M8KR7NN5;
				ENABLE_PREVIEWS = YES;
				GENERATE_INFOPLIST_FILE = YES;
				INFOPLIST_KEY_UIApplicationSceneManifest_Generation = YES;
				INFOPLIST_KEY_UIApplicationSupportsIndirectInputEvents = YES;
				INFOPLIST_KEY_UILaunchScreen_Generation = YES;
				INFOPLIST_KEY_UISupportedInterfaceOrientations_iPad = "UIInterfaceOrientationPortrait UIInterfaceOrientationPortraitUpsideDown UIInterfaceOrientationLandscapeLeft UIInterfaceOrientationLandscapeRight";
				INFOPLIST_KEY_UISupportedInterfaceOrientations_iPhone = "UIInterfaceOrientationPortrait UIInterfaceOrientationLandscapeLeft UIInterfaceOrientationLandscapeRight";
				IPHONEOS_DEPLOYMENT_TARGET = 17.0;
				LD_RUNPATH_SEARCH_PATHS = (
					"$(inherited)",
					"@executable_path/Frameworks",
				);
				MARKETING_VERSION = 1.0;
				PRODUCT_BUNDLE_IDENTIFIER = "salva.TCA-PoCApp";
				PRODUCT_NAME = "$(TARGET_NAME)";
				SWIFT_EMIT_LOC_STRINGS = YES;
				SWIFT_VERSION = 5.0;
				TARGETED_DEVICE_FAMILY = "1,2";
			};
			name = Debug;
		};
		B4B2C78F2AAD3135006A42AA /* Release */ = {
			isa = XCBuildConfiguration;
			buildSettings = {
				ASSETCATALOG_COMPILER_APPICON_NAME = AppIcon;
				ASSETCATALOG_COMPILER_GLOBAL_ACCENT_COLOR_NAME = AccentColor;
				CODE_SIGN_STYLE = Automatic;
				CURRENT_PROJECT_VERSION = 1;
				DEVELOPMENT_ASSET_PATHS = "\"TCA_PoCApp/Preview Content\"";
				DEVELOPMENT_TEAM = U9M8KR7NN5;
				ENABLE_PREVIEWS = YES;
				GENERATE_INFOPLIST_FILE = YES;
				INFOPLIST_KEY_UIApplicationSceneManifest_Generation = YES;
				INFOPLIST_KEY_UIApplicationSupportsIndirectInputEvents = YES;
				INFOPLIST_KEY_UILaunchScreen_Generation = YES;
				INFOPLIST_KEY_UISupportedInterfaceOrientations_iPad = "UIInterfaceOrientationPortrait UIInterfaceOrientationPortraitUpsideDown UIInterfaceOrientationLandscapeLeft UIInterfaceOrientationLandscapeRight";
				INFOPLIST_KEY_UISupportedInterfaceOrientations_iPhone = "UIInterfaceOrientationPortrait UIInterfaceOrientationLandscapeLeft UIInterfaceOrientationLandscapeRight";
				IPHONEOS_DEPLOYMENT_TARGET = 17.0;
				LD_RUNPATH_SEARCH_PATHS = (
					"$(inherited)",
					"@executable_path/Frameworks",
				);
				MARKETING_VERSION = 1.0;
				PRODUCT_BUNDLE_IDENTIFIER = "salva.TCA-PoCApp";
				PRODUCT_NAME = "$(TARGET_NAME)";
				SWIFT_EMIT_LOC_STRINGS = YES;
				SWIFT_VERSION = 5.0;
				TARGETED_DEVICE_FAMILY = "1,2";
			};
			name = Release;
		};
		B4E0FFB12AB29C74000010EF /* Debug */ = {
			isa = XCBuildConfiguration;
			buildSettings = {
				ASSETCATALOG_COMPILER_GENERATE_SWIFT_ASSET_SYMBOL_EXTENSIONS = YES;
				BUNDLE_LOADER = "$(TEST_HOST)";
				CODE_SIGN_STYLE = Automatic;
				CURRENT_PROJECT_VERSION = 1;
				DEVELOPMENT_TEAM = U9M8KR7NN5;
				ENABLE_USER_SCRIPT_SANDBOXING = YES;
				GCC_C_LANGUAGE_STANDARD = gnu17;
				GENERATE_INFOPLIST_FILE = YES;
				IPHONEOS_DEPLOYMENT_TARGET = 17.0;
				LOCALIZATION_PREFERS_STRING_CATALOGS = YES;
				MARKETING_VERSION = 1.0;
				PRODUCT_BUNDLE_IDENTIFIER = "salva.TCA-PoCAppTests";
				PRODUCT_NAME = "$(TARGET_NAME)";
				SWIFT_ACTIVE_COMPILATION_CONDITIONS = "DEBUG $(inherited)";
				SWIFT_EMIT_LOC_STRINGS = NO;
				SWIFT_VERSION = 5.0;
				TARGETED_DEVICE_FAMILY = "1,2";
				TEST_HOST = "$(BUILT_PRODUCTS_DIR)/TCA_PoCApp.app/$(BUNDLE_EXECUTABLE_FOLDER_PATH)/TCA_PoCApp";
			};
			name = Debug;
		};
		B4E0FFB22AB29C74000010EF /* Release */ = {
			isa = XCBuildConfiguration;
			buildSettings = {
				ASSETCATALOG_COMPILER_GENERATE_SWIFT_ASSET_SYMBOL_EXTENSIONS = YES;
				BUNDLE_LOADER = "$(TEST_HOST)";
				CODE_SIGN_STYLE = Automatic;
				CURRENT_PROJECT_VERSION = 1;
				DEVELOPMENT_TEAM = U9M8KR7NN5;
				ENABLE_USER_SCRIPT_SANDBOXING = YES;
				GCC_C_LANGUAGE_STANDARD = gnu17;
				GENERATE_INFOPLIST_FILE = YES;
				IPHONEOS_DEPLOYMENT_TARGET = 17.0;
				LOCALIZATION_PREFERS_STRING_CATALOGS = YES;
				MARKETING_VERSION = 1.0;
				PRODUCT_BUNDLE_IDENTIFIER = "salva.TCA-PoCAppTests";
				PRODUCT_NAME = "$(TARGET_NAME)";
				SWIFT_EMIT_LOC_STRINGS = NO;
				SWIFT_VERSION = 5.0;
				TARGETED_DEVICE_FAMILY = "1,2";
				TEST_HOST = "$(BUILT_PRODUCTS_DIR)/TCA_PoCApp.app/$(BUNDLE_EXECUTABLE_FOLDER_PATH)/TCA_PoCApp";
			};
			name = Release;
		};
/* End XCBuildConfiguration section */

/* Begin XCConfigurationList section */
		B4B2C77A2AAD3133006A42AA /* Build configuration list for PBXProject "TCA_PoCApp" */ = {
			isa = XCConfigurationList;
			buildConfigurations = (
				B4B2C78B2AAD3135006A42AA /* Debug */,
				B4B2C78C2AAD3135006A42AA /* Release */,
			);
			defaultConfigurationIsVisible = 0;
			defaultConfigurationName = Release;
		};
		B4B2C78D2AAD3135006A42AA /* Build configuration list for PBXNativeTarget "TCA_PoCApp" */ = {
			isa = XCConfigurationList;
			buildConfigurations = (
				B4B2C78E2AAD3135006A42AA /* Debug */,
				B4B2C78F2AAD3135006A42AA /* Release */,
			);
			defaultConfigurationIsVisible = 0;
			defaultConfigurationName = Release;
		};
		B4E0FFB32AB29C74000010EF /* Build configuration list for PBXNativeTarget "TCA_PoCAppTests" */ = {
			isa = XCConfigurationList;
			buildConfigurations = (
				B4E0FFB12AB29C74000010EF /* Debug */,
				B4E0FFB22AB29C74000010EF /* Release */,
			);
			defaultConfigurationIsVisible = 0;
			defaultConfigurationName = Release;
		};
/* End XCConfigurationList section */

/* Begin XCRemoteSwiftPackageReference section */
		B459B2622AAE12120086D0EA /* XCRemoteSwiftPackageReference "swift-composable-architecture" */ = {
			isa = XCRemoteSwiftPackageReference;
			repositoryURL = "https://github.com/pointfreeco/swift-composable-architecture";
			requirement = {
				kind = upToNextMajorVersion;
				minimumVersion = 1.2.0;
			};
		};
/* End XCRemoteSwiftPackageReference section */

/* Begin XCSwiftPackageProductDependency section */
		B459B2632AAE12120086D0EA /* ComposableArchitecture */ = {
			isa = XCSwiftPackageProductDependency;
			package = B459B2622AAE12120086D0EA /* XCRemoteSwiftPackageReference "swift-composable-architecture" */;
			productName = ComposableArchitecture;
		};
/* End XCSwiftPackageProductDependency section */
	};
	rootObject = B4B2C7772AAD3133006A42AA /* Project object */;
}
